
Microsoft Visual Studio Solution File, Format Version 12.00
# Visual Studio Version 17
VisualStudioVersion = 17.12.35728.132 d17.12
MinimumVisualStudioVersion = 10.0.40219.1
Project("{FAE04EC0-301F-11D3-BF4B-00C04F79EFBC}") = "H2.UnitTests", "H2.UnitTests\H2.UnitTests.csproj", "{81F2C7A2-F260-46D4-8B99-5ADD45365310}"
EndProject
Project("{FAE04EC0-301F-11D3-BF4B-00C04F79EFBC}") = "H2.Scheduler", "H2.Scheduler\H2.Scheduler.csproj", "{C39AE890-98E0-4620-A6D4-468005EF3BBD}"
EndProject
Project("{FAE04EC0-301F-11D3-BF4B-00C04F79EFBC}") = "H2.Exam", "H2.Exam\H2.Exam.csproj", "{13D35957-6717-46D1-8529-EB80514328F3}"
EndProject
Global
	GlobalSection(SolutionConfigurationPlatforms) = preSolution
		Debug|Any CPU = Debug|Any CPU
		Release|Any CPU = Release|Any CPU
	EndGlobalSection
	GlobalSection(ProjectConfigurationPlatforms) = postSolution
		{81F2C7A2-F260-46D4-8B99-5ADD45365310}.Debug|Any CPU.ActiveCfg = Debug|Any CPU
		{81F2C7A2-F260-46D4-8B99-5ADD45365310}.Debug|Any CPU.Build.0 = Debug|Any CPU
		{81F2C7A2-F260-46D4-8B99-5ADD45365310}.Release|Any CPU.ActiveCfg = Release|Any CPU
		{81F2C7A2-F260-46D4-8B99-5ADD45365310}.Release|Any CPU.Build.0 = Release|Any CPU
		{C39AE890-98E0-4620-A6D4-468005EF3BBD}.Debug|Any CPU.ActiveCfg = Debug|Any CPU
		{C39AE890-98E0-4620-A6D4-468005EF3BBD}.Debug|Any CPU.Build.0 = Debug|Any CPU
		{C39AE890-98E0-4620-A6D4-468005EF3BBD}.Release|Any CPU.ActiveCfg = Release|Any CPU
		{C39AE890-98E0-4620-A6D4-468005EF3BBD}.Release|Any CPU.Build.0 = Release|Any CPU
		{13D35957-6717-46D1-8529-EB80514328F3}.Debug|Any CPU.ActiveCfg = Debug|Any CPU
		{13D35957-6717-46D1-8529-EB80514328F3}.Debug|Any CPU.Build.0 = Debug|Any CPU
		{13D35957-6717-46D1-8529-EB80514328F3}.Release|Any CPU.ActiveCfg = Release|Any CPU
		{13D35957-6717-46D1-8529-EB80514328F3}.Release|Any CPU.Build.0 = Release|Any CPU
	EndGlobalSection
	GlobalSection(SolutionProperties) = preSolution
		HideSolutionNode = FALSE
	EndGlobalSection
EndGlobal
